
Microsoft Visual Studio Solution File, Format Version 12.00
# Visual Studio 14
VisualStudioVersion = 14.0.24720.0
MinimumVisualStudioVersion = 10.0.40219.1
Project("{FAE04EC0-301F-11D3-BF4B-00C04F79EFBC}") = "LinLib", "LinLib\LinLib.csproj", "{2C86514B-B10D-4A56-A886-CBB94D0F89EB}"
EndProject
Global
	GlobalSection(SolutionConfigurationPlatforms) = preSolution
		Debug|Any CPU = Debug|Any CPU
		Release|Any CPU = Release|Any CPU
	EndGlobalSection
	GlobalSection(ProjectConfigurationPlatforms) = postSolution
		{2C86514B-B10D-4A56-A886-CBB94D0F89EB}.Debug|Any CPU.ActiveCfg = Debug|Any CPU
		{2C86514B-B10D-4A56-A886-CBB94D0F89EB}.Debug|Any CPU.Build.0 = Debug|Any CPU
		{2C86514B-B10D-4A56-A886-CBB94D0F89EB}.Release|Any CPU.ActiveCfg = Release|Any CPU
		{2C86514B-B10D-4A56-A886-CBB94D0F89EB}.Release|Any CPU.Build.0 = Release|Any CPU
	EndGlobalSection
	GlobalSection(SolutionProperties) = preSolution
		HideSolutionNode = FALSE
	EndGlobalSection
EndGlobal
